
Microsoft Visual Studio Solution File, Format Version 12.00
# Visual Studio Version 17
VisualStudioVersion = 17.9.34310.174
MinimumVisualStudioVersion = 10.0.40219.1
Project("{9A19103F-16F7-4668-BE54-9A1E7A4F7556}") = "AspireDemo.WriterApi", "src\AspireDemo.WriterApi\AspireDemo.WriterApi.csproj", "{2A9269E4-73C3-46FF-8520-3C13D4A5F229}"
EndProject
Project("{9A19103F-16F7-4668-BE54-9A1E7A4F7556}") = "AspireDemo.Models", "src\AspireDemo.Models\AspireDemo.Models.csproj", "{89AF9813-FCEE-405F-85BA-8D639F89E953}"
EndProject
Project("{9A19103F-16F7-4668-BE54-9A1E7A4F7556}") = "AspireDemo.BossApi", "src\AspireDemo.BossApi\AspireDemo.BossApi.csproj", "{87E59B5A-CCF7-461B-8268-D30B1CFCDF00}"
EndProject
Project("{9A19103F-16F7-4668-BE54-9A1E7A4F7556}") = "AspireDemo.SeriesDb", "src\AspireDemo.SeriesDb\AspireDemo.SeriesDb.csproj", "{4D52C5CF-F309-462A-9FF5-A2B00F237FA8}"
EndProject
Project("{9A19103F-16F7-4668-BE54-9A1E7A4F7556}") = "AspireDemo.Frontend", "src\AspireDemo.Frontend\AspireDemo.Frontend\AspireDemo.Frontend.csproj", "{75003AE5-AE6C-4104-A4F2-DCA9F830AA0D}"
EndProject
Project("{9A19103F-16F7-4668-BE54-9A1E7A4F7556}") = "AspireDemo.Frontend.Client", "src\AspireDemo.Frontend\AspireDemo.Frontend.Client\AspireDemo.Frontend.Client.csproj", "{03E5AF96-7303-4408-9B6B-58E5A2DF7707}"
EndProject
Project("{9A19103F-16F7-4668-BE54-9A1E7A4F7556}") = "AspireDemo.SeriesService", "src\AspireDemo.SeriesService\AspireDemo.SeriesService.csproj", "{FBBAD198-CFFB-44C4-B9A3-B9A84EA84389}"
EndProject
Project("{2150E333-8FDC-42A3-9474-1A3956D46DE8}") = "Notes", "Notes", "{DAC1DC38-44F4-413A-A34C-4C1910E01D8A}"
	ProjectSection(SolutionItems) = preProject
		notes.md = notes.md
		tye-run.bat = tye-run.bat
		tye.yaml = tye.yaml
	EndProjectSection
EndProject
Global
	GlobalSection(SolutionConfigurationPlatforms) = preSolution
		Debug|Any CPU = Debug|Any CPU
		Release|Any CPU = Release|Any CPU
	EndGlobalSection
	GlobalSection(ProjectConfigurationPlatforms) = postSolution
		{2A9269E4-73C3-46FF-8520-3C13D4A5F229}.Debug|Any CPU.ActiveCfg = Debug|Any CPU
		{2A9269E4-73C3-46FF-8520-3C13D4A5F229}.Debug|Any CPU.Build.0 = Debug|Any CPU
		{2A9269E4-73C3-46FF-8520-3C13D4A5F229}.Release|Any CPU.ActiveCfg = Release|Any CPU
		{2A9269E4-73C3-46FF-8520-3C13D4A5F229}.Release|Any CPU.Build.0 = Release|Any CPU
		{89AF9813-FCEE-405F-85BA-8D639F89E953}.Debug|Any CPU.ActiveCfg = Debug|Any CPU
		{89AF9813-FCEE-405F-85BA-8D639F89E953}.Debug|Any CPU.Build.0 = Debug|Any CPU
		{89AF9813-FCEE-405F-85BA-8D639F89E953}.Release|Any CPU.ActiveCfg = Release|Any CPU
		{89AF9813-FCEE-405F-85BA-8D639F89E953}.Release|Any CPU.Build.0 = Release|Any CPU
		{87E59B5A-CCF7-461B-8268-D30B1CFCDF00}.Debug|Any CPU.ActiveCfg = Debug|Any CPU
		{87E59B5A-CCF7-461B-8268-D30B1CFCDF00}.Debug|Any CPU.Build.0 = Debug|Any CPU
		{87E59B5A-CCF7-461B-8268-D30B1CFCDF00}.Release|Any CPU.ActiveCfg = Release|Any CPU
		{87E59B5A-CCF7-461B-8268-D30B1CFCDF00}.Release|Any CPU.Build.0 = Release|Any CPU
		{4D52C5CF-F309-462A-9FF5-A2B00F237FA8}.Debug|Any CPU.ActiveCfg = Debug|Any CPU
		{4D52C5CF-F309-462A-9FF5-A2B00F237FA8}.Debug|Any CPU.Build.0 = Debug|Any CPU
		{4D52C5CF-F309-462A-9FF5-A2B00F237FA8}.Release|Any CPU.ActiveCfg = Release|Any CPU
		{4D52C5CF-F309-462A-9FF5-A2B00F237FA8}.Release|Any CPU.Build.0 = Release|Any CPU
		{75003AE5-AE6C-4104-A4F2-DCA9F830AA0D}.Debug|Any CPU.ActiveCfg = Debug|Any CPU
		{75003AE5-AE6C-4104-A4F2-DCA9F830AA0D}.Debug|Any CPU.Build.0 = Debug|Any CPU
		{75003AE5-AE6C-4104-A4F2-DCA9F830AA0D}.Release|Any CPU.ActiveCfg = Release|Any CPU
		{75003AE5-AE6C-4104-A4F2-DCA9F830AA0D}.Release|Any CPU.Build.0 = Release|Any CPU
		{03E5AF96-7303-4408-9B6B-58E5A2DF7707}.Debug|Any CPU.ActiveCfg = Debug|Any CPU
		{03E5AF96-7303-4408-9B6B-58E5A2DF7707}.Debug|Any CPU.Build.0 = Debug|Any CPU
		{03E5AF96-7303-4408-9B6B-58E5A2DF7707}.Release|Any CPU.ActiveCfg = Release|Any CPU
		{03E5AF96-7303-4408-9B6B-58E5A2DF7707}.Release|Any CPU.Build.0 = Release|Any CPU
		{FBBAD198-CFFB-44C4-B9A3-B9A84EA84389}.Debug|Any CPU.ActiveCfg = Debug|Any CPU
		{FBBAD198-CFFB-44C4-B9A3-B9A84EA84389}.Debug|Any CPU.Build.0 = Debug|Any CPU
		{FBBAD198-CFFB-44C4-B9A3-B9A84EA84389}.Release|Any CPU.ActiveCfg = Release|Any CPU
		{FBBAD198-CFFB-44C4-B9A3-B9A84EA84389}.Release|Any CPU.Build.0 = Release|Any CPU
	EndGlobalSection
	GlobalSection(SolutionProperties) = preSolution
		HideSolutionNode = FALSE
	EndGlobalSection
	GlobalSection(ExtensibilityGlobals) = postSolution
		SolutionGuid = {B91D37A8-7109-47C7-9696-3DC18EF208D5}
	EndGlobalSection
EndGlobal
